// !$*UTF8*$!
{
	archiveVersion = 1;
	classes = {
	};
	objectVersion = 46;
	objects = {

/* Begin PBXBuildFile section */
		392AC370E7D8392668361A18 /* libPods-Travel Safety.a in Frameworks */ = {isa = PBXBuildFile; fileRef = 89ADC5FC795A2084FB799EB2 /* libPods-Travel Safety.a */; };
		D403A0E81CAB1A8000CF5909 /* HTTPManager.m in Sources */ = {isa = PBXBuildFile; fileRef = D403A0E71CAB1A8000CF5909 /* HTTPManager.m */; };
		D403A0EB1CAB1B6000CF5909 /* TravelSafetyAPI.m in Sources */ = {isa = PBXBuildFile; fileRef = D403A0EA1CAB1B6000CF5909 /* TravelSafetyAPI.m */; };
		D403A0EE1CAB1D1900CF5909 /* Feedback.m in Sources */ = {isa = PBXBuildFile; fileRef = D403A0ED1CAB1D1900CF5909 /* Feedback.m */; };
		D403A0F31CAB1F3F00CF5909 /* StarSelectView.m in Sources */ = {isa = PBXBuildFile; fileRef = D403A0F21CAB1F3F00CF5909 /* StarSelectView.m */; };
		D403A0F51CAB1F5A00CF5909 /* StarSelectView.xib in Resources */ = {isa = PBXBuildFile; fileRef = D403A0F41CAB1F5A00CF5909 /* StarSelectView.xib */; };
		D42B7CCE1C8F3127008744CE /* main.m in Sources */ = {isa = PBXBuildFile; fileRef = D42B7CCD1C8F3127008744CE /* main.m */; };
		D42B7CD11C8F3127008744CE /* AppDelegate.m in Sources */ = {isa = PBXBuildFile; fileRef = D42B7CD01C8F3127008744CE /* AppDelegate.m */; };
		D42B7CD71C8F3127008744CE /* Main.storyboard in Resources */ = {isa = PBXBuildFile; fileRef = D42B7CD51C8F3127008744CE /* Main.storyboard */; };
		D42B7CD91C8F3127008744CE /* Assets.xcassets in Resources */ = {isa = PBXBuildFile; fileRef = D42B7CD81C8F3127008744CE /* Assets.xcassets */; };
		D42B7CDC1C8F3127008744CE /* LaunchScreen.storyboard in Resources */ = {isa = PBXBuildFile; fileRef = D42B7CDA1C8F3127008744CE /* LaunchScreen.storyboard */; };
		D42B7CE81C8F3530008744CE /* MapViewController.m in Sources */ = {isa = PBXBuildFile; fileRef = D42B7CE71C8F3530008744CE /* MapViewController.m */; };
		D45E27891CBDAFFB00F47320 /* User.m in Sources */ = {isa = PBXBuildFile; fileRef = D45E27881CBDAFFB00F47320 /* User.m */; };
		D45E278D1CBE3A1800F47320 /* ProfileViewController.m in Sources */ = {isa = PBXBuildFile; fileRef = D45E278B1CBE3A1800F47320 /* ProfileViewController.m */; };
		D45E278E1CBE3A1800F47320 /* ProfileViewController.xib in Resources */ = {isa = PBXBuildFile; fileRef = D45E278C1CBE3A1800F47320 /* ProfileViewController.xib */; };
		D45FF3051CC6804A00936E81 /* ExpertReviewViewController.m in Sources */ = {isa = PBXBuildFile; fileRef = D45FF3031CC6804A00936E81 /* ExpertReviewViewController.m */; };
		D45FF3061CC6804A00936E81 /* ExpertReviewViewController.xib in Resources */ = {isa = PBXBuildFile; fileRef = D45FF3041CC6804A00936E81 /* ExpertReviewViewController.xib */; };
		D4AD281F1CC62B6B0024EBF4 /* LoginViewController.m in Sources */ = {isa = PBXBuildFile; fileRef = D4AD281E1CC62B6B0024EBF4 /* LoginViewController.m */; };
		D4AD28231CC634650024EBF4 /* TravelPlansViewController.m in Sources */ = {isa = PBXBuildFile; fileRef = D4AD28211CC634650024EBF4 /* TravelPlansViewController.m */; };
		D4AD28241CC634650024EBF4 /* TravelPlansViewController.xib in Resources */ = {isa = PBXBuildFile; fileRef = D4AD28221CC634650024EBF4 /* TravelPlansViewController.xib */; };
		D4CC60391C8F7FBD00D114E4 /* ModalView.m in Sources */ = {isa = PBXBuildFile; fileRef = D4CC60381C8F7FBD00D114E4 /* ModalView.m */; };
		D4CC60421C8F810C00D114E4 /* InfoViewController.m in Sources */ = {isa = PBXBuildFile; fileRef = D4CC60401C8F810C00D114E4 /* InfoViewController.m */; };
		D4CC60431C8F810C00D114E4 /* InfoViewController.xib in Resources */ = {isa = PBXBuildFile; fileRef = D4CC60411C8F810C00D114E4 /* InfoViewController.xib */; };
		D4CC60461C8F836000D114E4 /* ModalViewController.m in Sources */ = {isa = PBXBuildFile; fileRef = D4CC60451C8F836000D114E4 /* ModalViewController.m */; };
		D4CC604A1C8F892600D114E4 /* AddFeedbackViewController.m in Sources */ = {isa = PBXBuildFile; fileRef = D4CC60481C8F892600D114E4 /* AddFeedbackViewController.m */; };
		D4CC604B1C8F892600D114E4 /* AddFeedbackViewController.xib in Resources */ = {isa = PBXBuildFile; fileRef = D4CC60491C8F892600D114E4 /* AddFeedbackViewController.xib */; };
		D4CC60501C9022FF00D114E4 /* ReviewMiniCell.m in Sources */ = {isa = PBXBuildFile; fileRef = D4CC604E1C9022FF00D114E4 /* ReviewMiniCell.m */; };
		D4CC60511C9022FF00D114E4 /* ReviewMiniCell.xib in Resources */ = {isa = PBXBuildFile; fileRef = D4CC604F1C9022FF00D114E4 /* ReviewMiniCell.xib */; };
/* End PBXBuildFile section */

/* Begin PBXFileReference section */
		89ADC5FC795A2084FB799EB2 /* libPods-Travel Safety.a */ = {isa = PBXFileReference; explicitFileType = archive.ar; includeInIndex = 0; path = "libPods-Travel Safety.a"; sourceTree = BUILT_PRODUCTS_DIR; };
		9968FFFCA9DC8C2D791E08B0 /* Pods-Travel Safety.debug.xcconfig */ = {isa = PBXFileReference; includeInIndex = 1; lastKnownFileType = text.xcconfig; name = "Pods-Travel Safety.debug.xcconfig"; path = "Pods/Target Support Files/Pods-Travel Safety/Pods-Travel Safety.debug.xcconfig"; sourceTree = "<group>"; };
		C43970FE4B6E2AC17EF07C38 /* Pods-Travel Safety.release.xcconfig */ = {isa = PBXFileReference; includeInIndex = 1; lastKnownFileType = text.xcconfig; name = "Pods-Travel Safety.release.xcconfig"; path = "Pods/Target Support Files/Pods-Travel Safety/Pods-Travel Safety.release.xcconfig"; sourceTree = "<group>"; };
		D403A0E61CAB1A8000CF5909 /* HTTPManager.h */ = {isa = PBXFileReference; fileEncoding = 4; lastKnownFileType = sourcecode.c.h; name = HTTPManager.h; path = Managers/HTTPManager.h; sourceTree = "<group>"; };
		D403A0E71CAB1A8000CF5909 /* HTTPManager.m */ = {isa = PBXFileReference; fileEncoding = 4; lastKnownFileType = sourcecode.c.objc; name = HTTPManager.m; path = Managers/HTTPManager.m; sourceTree = "<group>"; };
		D403A0E91CAB1B6000CF5909 /* TravelSafetyAPI.h */ = {isa = PBXFileReference; fileEncoding = 4; lastKnownFileType = sourcecode.c.h; name = TravelSafetyAPI.h; path = Managers/TravelSafetyAPI.h; sourceTree = "<group>"; };
		D403A0EA1CAB1B6000CF5909 /* TravelSafetyAPI.m */ = {isa = PBXFileReference; fileEncoding = 4; lastKnownFileType = sourcecode.c.objc; name = TravelSafetyAPI.m; path = Managers/TravelSafetyAPI.m; sourceTree = "<group>"; };
		D403A0EC1CAB1D1900CF5909 /* Feedback.h */ = {isa = PBXFileReference; fileEncoding = 4; lastKnownFileType = sourcecode.c.h; name = Feedback.h; path = Models/Feedback.h; sourceTree = "<group>"; };
		D403A0ED1CAB1D1900CF5909 /* Feedback.m */ = {isa = PBXFileReference; fileEncoding = 4; lastKnownFileType = sourcecode.c.objc; name = Feedback.m; path = Models/Feedback.m; sourceTree = "<group>"; };
		D403A0F11CAB1F3F00CF5909 /* StarSelectView.h */ = {isa = PBXFileReference; fileEncoding = 4; lastKnownFileType = sourcecode.c.h; name = StarSelectView.h; path = Views/StarSelectView.h; sourceTree = "<group>"; };
		D403A0F21CAB1F3F00CF5909 /* StarSelectView.m */ = {isa = PBXFileReference; fileEncoding = 4; lastKnownFileType = sourcecode.c.objc; name = StarSelectView.m; path = Views/StarSelectView.m; sourceTree = "<group>"; };
		D403A0F41CAB1F5A00CF5909 /* StarSelectView.xib */ = {isa = PBXFileReference; fileEncoding = 4; lastKnownFileType = file.xib; name = StarSelectView.xib; path = Views/StarSelectView.xib; sourceTree = "<group>"; };
		D42B7CC91C8F3127008744CE /* Travel Safety.app */ = {isa = PBXFileReference; explicitFileType = wrapper.application; includeInIndex = 0; path = "Travel Safety.app"; sourceTree = BUILT_PRODUCTS_DIR; };
		D42B7CCD1C8F3127008744CE /* main.m */ = {isa = PBXFileReference; lastKnownFileType = sourcecode.c.objc; path = main.m; sourceTree = "<group>"; };
		D42B7CCF1C8F3127008744CE /* AppDelegate.h */ = {isa = PBXFileReference; lastKnownFileType = sourcecode.c.h; path = AppDelegate.h; sourceTree = "<group>"; };
		D42B7CD01C8F3127008744CE /* AppDelegate.m */ = {isa = PBXFileReference; lastKnownFileType = sourcecode.c.objc; path = AppDelegate.m; sourceTree = "<group>"; };
		D42B7CD61C8F3127008744CE /* Base */ = {isa = PBXFileReference; lastKnownFileType = file.storyboard; name = Base; path = Base.lproj/Main.storyboard; sourceTree = "<group>"; };
		D42B7CD81C8F3127008744CE /* Assets.xcassets */ = {isa = PBXFileReference; lastKnownFileType = folder.assetcatalog; path = Assets.xcassets; sourceTree = "<group>"; };
		D42B7CDB1C8F3127008744CE /* Base */ = {isa = PBXFileReference; lastKnownFileType = file.storyboard; name = Base; path = Base.lproj/LaunchScreen.storyboard; sourceTree = "<group>"; };
		D42B7CDD1C8F3127008744CE /* Info.plist */ = {isa = PBXFileReference; lastKnownFileType = text.plist.xml; path = Info.plist; sourceTree = "<group>"; };
		D42B7CE61C8F3530008744CE /* MapViewController.h */ = {isa = PBXFileReference; fileEncoding = 4; lastKnownFileType = sourcecode.c.h; name = MapViewController.h; path = "View Controllers/MapViewController.h"; sourceTree = "<group>"; };
		D42B7CE71C8F3530008744CE /* MapViewController.m */ = {isa = PBXFileReference; fileEncoding = 4; lastKnownFileType = sourcecode.c.objc; name = MapViewController.m; path = "View Controllers/MapViewController.m"; sourceTree = "<group>"; };
		D45E27871CBDAFFB00F47320 /* User.h */ = {isa = PBXFileReference; fileEncoding = 4; lastKnownFileType = sourcecode.c.h; name = User.h; path = Models/User.h; sourceTree = "<group>"; };
		D45E27881CBDAFFB00F47320 /* User.m */ = {isa = PBXFileReference; fileEncoding = 4; lastKnownFileType = sourcecode.c.objc; name = User.m; path = Models/User.m; sourceTree = "<group>"; };
		D45E278A1CBE3A1800F47320 /* ProfileViewController.h */ = {isa = PBXFileReference; fileEncoding = 4; lastKnownFileType = sourcecode.c.h; name = ProfileViewController.h; path = Modals/ProfileViewController.h; sourceTree = "<group>"; };
		D45E278B1CBE3A1800F47320 /* ProfileViewController.m */ = {isa = PBXFileReference; fileEncoding = 4; lastKnownFileType = sourcecode.c.objc; name = ProfileViewController.m; path = Modals/ProfileViewController.m; sourceTree = "<group>"; };
		D45E278C1CBE3A1800F47320 /* ProfileViewController.xib */ = {isa = PBXFileReference; fileEncoding = 4; lastKnownFileType = file.xib; name = ProfileViewController.xib; path = Modals/ProfileViewController.xib; sourceTree = "<group>"; };
		D45FF3021CC6804A00936E81 /* ExpertReviewViewController.h */ = {isa = PBXFileReference; fileEncoding = 4; lastKnownFileType = sourcecode.c.h; name = ExpertReviewViewController.h; path = "View Controllers/ExpertReviewViewController.h"; sourceTree = "<group>"; };
		D45FF3031CC6804A00936E81 /* ExpertReviewViewController.m */ = {isa = PBXFileReference; fileEncoding = 4; lastKnownFileType = sourcecode.c.objc; name = ExpertReviewViewController.m; path = "View Controllers/ExpertReviewViewController.m"; sourceTree = "<group>"; };
		D45FF3041CC6804A00936E81 /* ExpertReviewViewController.xib */ = {isa = PBXFileReference; fileEncoding = 4; lastKnownFileType = file.xib; name = ExpertReviewViewController.xib; path = "View Controllers/ExpertReviewViewController.xib"; sourceTree = "<group>"; };
		D4AD281D1CC62B6B0024EBF4 /* LoginViewController.h */ = {isa = PBXFileReference; fileEncoding = 4; lastKnownFileType = sourcecode.c.h; name = LoginViewController.h; path = "View Controllers/LoginViewController.h"; sourceTree = "<group>"; };
		D4AD281E1CC62B6B0024EBF4 /* LoginViewController.m */ = {isa = PBXFileReference; fileEncoding = 4; lastKnownFileType = sourcecode.c.objc; name = LoginViewController.m; path = "View Controllers/LoginViewController.m"; sourceTree = "<group>"; };
		D4AD28201CC634650024EBF4 /* TravelPlansViewController.h */ = {isa = PBXFileReference; fileEncoding = 4; lastKnownFileType = sourcecode.c.h; name = TravelPlansViewController.h; path = Modals/TravelPlansViewController.h; sourceTree = "<group>"; };
		D4AD28211CC634650024EBF4 /* TravelPlansViewController.m */ = {isa = PBXFileReference; fileEncoding = 4; lastKnownFileType = sourcecode.c.objc; name = TravelPlansViewController.m; path = Modals/TravelPlansViewController.m; sourceTree = "<group>"; };
		D4AD28221CC634650024EBF4 /* TravelPlansViewController.xib */ = {isa = PBXFileReference; fileEncoding = 4; lastKnownFileType = file.xib; name = TravelPlansViewController.xib; path = Modals/TravelPlansViewController.xib; sourceTree = "<group>"; };
		D4CC60371C8F7FBD00D114E4 /* ModalView.h */ = {isa = PBXFileReference; fileEncoding = 4; lastKnownFileType = sourcecode.c.h; name = ModalView.h; path = Views/ModalView.h; sourceTree = "<group>"; };
		D4CC60381C8F7FBD00D114E4 /* ModalView.m */ = {isa = PBXFileReference; fileEncoding = 4; lastKnownFileType = sourcecode.c.objc; name = ModalView.m; path = Views/ModalView.m; sourceTree = "<group>"; };
		D4CC603F1C8F810C00D114E4 /* InfoViewController.h */ = {isa = PBXFileReference; fileEncoding = 4; lastKnownFileType = sourcecode.c.h; name = InfoViewController.h; path = Modals/InfoViewController.h; sourceTree = "<group>"; };
		D4CC60401C8F810C00D114E4 /* InfoViewController.m */ = {isa = PBXFileReference; fileEncoding = 4; lastKnownFileType = sourcecode.c.objc; name = InfoViewController.m; path = Modals/InfoViewController.m; sourceTree = "<group>"; };
		D4CC60411C8F810C00D114E4 /* InfoViewController.xib */ = {isa = PBXFileReference; fileEncoding = 4; lastKnownFileType = file.xib; name = InfoViewController.xib; path = Modals/InfoViewController.xib; sourceTree = "<group>"; };
		D4CC60441C8F836000D114E4 /* ModalViewController.h */ = {isa = PBXFileReference; fileEncoding = 4; lastKnownFileType = sourcecode.c.h; name = ModalViewController.h; path = "View Controllers/ModalViewController.h"; sourceTree = "<group>"; };
		D4CC60451C8F836000D114E4 /* ModalViewController.m */ = {isa = PBXFileReference; fileEncoding = 4; lastKnownFileType = sourcecode.c.objc; name = ModalViewController.m; path = "View Controllers/ModalViewController.m"; sourceTree = "<group>"; };
		D4CC60471C8F892600D114E4 /* AddFeedbackViewController.h */ = {isa = PBXFileReference; fileEncoding = 4; lastKnownFileType = sourcecode.c.h; name = AddFeedbackViewController.h; path = Modals/AddFeedbackViewController.h; sourceTree = "<group>"; };
		D4CC60481C8F892600D114E4 /* AddFeedbackViewController.m */ = {isa = PBXFileReference; fileEncoding = 4; lastKnownFileType = sourcecode.c.objc; name = AddFeedbackViewController.m; path = Modals/AddFeedbackViewController.m; sourceTree = "<group>"; };
		D4CC60491C8F892600D114E4 /* AddFeedbackViewController.xib */ = {isa = PBXFileReference; fileEncoding = 4; lastKnownFileType = file.xib; name = AddFeedbackViewController.xib; path = Modals/AddFeedbackViewController.xib; sourceTree = "<group>"; };
		D4CC604D1C9022FF00D114E4 /* ReviewMiniCell.h */ = {isa = PBXFileReference; fileEncoding = 4; lastKnownFileType = sourcecode.c.h; name = ReviewMiniCell.h; path = Cells/ReviewMiniCell.h; sourceTree = "<group>"; };
		D4CC604E1C9022FF00D114E4 /* ReviewMiniCell.m */ = {isa = PBXFileReference; fileEncoding = 4; lastKnownFileType = sourcecode.c.objc; name = ReviewMiniCell.m; path = Cells/ReviewMiniCell.m; sourceTree = "<group>"; };
		D4CC604F1C9022FF00D114E4 /* ReviewMiniCell.xib */ = {isa = PBXFileReference; fileEncoding = 4; lastKnownFileType = file.xib; name = ReviewMiniCell.xib; path = Cells/ReviewMiniCell.xib; sourceTree = "<group>"; };
/* End PBXFileReference section */

/* Begin PBXFrameworksBuildPhase section */
		D42B7CC61C8F3127008744CE /* Frameworks */ = {
			isa = PBXFrameworksBuildPhase;
			buildActionMask = 2147483647;
			files = (
				392AC370E7D8392668361A18 /* libPods-Travel Safety.a in Frameworks */,
			);
			runOnlyForDeploymentPostprocessing = 0;
		};
/* End PBXFrameworksBuildPhase section */

/* Begin PBXGroup section */
		D403A0E51CAB1A5E00CF5909 /* Managers */ = {
			isa = PBXGroup;
			children = (
				D403A0E61CAB1A8000CF5909 /* HTTPManager.h */,
				D403A0E71CAB1A8000CF5909 /* HTTPManager.m */,
				D403A0E91CAB1B6000CF5909 /* TravelSafetyAPI.h */,
				D403A0EA1CAB1B6000CF5909 /* TravelSafetyAPI.m */,
			);
			name = Managers;
			sourceTree = "<group>";
		};
		D403A0F01CAB1D3C00CF5909 /* Models */ = {
			isa = PBXGroup;
			children = (
				D403A0EC1CAB1D1900CF5909 /* Feedback.h */,
				D403A0ED1CAB1D1900CF5909 /* Feedback.m */,
				D45E27871CBDAFFB00F47320 /* User.h */,
				D45E27881CBDAFFB00F47320 /* User.m */,
			);
			name = Models;
			sourceTree = "<group>";
		};
		D42B7CC01C8F3127008744CE = {
			isa = PBXGroup;
			children = (
				D42B7CCB1C8F3127008744CE /* Travel Safety */,
				D42B7CCA1C8F3127008744CE /* Products */,
				FAC2243A8542BE8B0B9C9277 /* Pods */,
				D78A7FC612C829C4F5902950 /* Frameworks */,
			);
			sourceTree = "<group>";
		};
		D42B7CCA1C8F3127008744CE /* Products */ = {
			isa = PBXGroup;
			children = (
				D42B7CC91C8F3127008744CE /* Travel Safety.app */,
			);
			name = Products;
			sourceTree = "<group>";
		};
		D42B7CCB1C8F3127008744CE /* Travel Safety */ = {
			isa = PBXGroup;
			children = (
				D403A0F01CAB1D3C00CF5909 /* Models */,
				D403A0E51CAB1A5E00CF5909 /* Managers */,
				D4CC604C1C9022D500D114E4 /* Cells */,
				D4CC603B1C8F80E200D114E4 /* Modals */,
				D4CC603A1C8F7FF400D114E4 /* Views */,
				D42B7CCF1C8F3127008744CE /* AppDelegate.h */,
				D42B7CD01C8F3127008744CE /* AppDelegate.m */,
				D42B7CD51C8F3127008744CE /* Main.storyboard */,
				D42B7CE91C8F3535008744CE /* View Controllers */,
				D42B7CD81C8F3127008744CE /* Assets.xcassets */,
				D42B7CDA1C8F3127008744CE /* LaunchScreen.storyboard */,
				D42B7CDD1C8F3127008744CE /* Info.plist */,
				D42B7CCC1C8F3127008744CE /* Supporting Files */,
			);
			path = "Travel Safety";
			sourceTree = "<group>";
		};
		D42B7CCC1C8F3127008744CE /* Supporting Files */ = {
			isa = PBXGroup;
			children = (
				D42B7CCD1C8F3127008744CE /* main.m */,
			);
			name = "Supporting Files";
			sourceTree = "<group>";
		};
		D42B7CE91C8F3535008744CE /* View Controllers */ = {
			isa = PBXGroup;
			children = (
				D42B7CE61C8F3530008744CE /* MapViewController.h */,
				D42B7CE71C8F3530008744CE /* MapViewController.m */,
				D4CC60441C8F836000D114E4 /* ModalViewController.h */,
				D4CC60451C8F836000D114E4 /* ModalViewController.m */,
				D4AD281D1CC62B6B0024EBF4 /* LoginViewController.h */,
				D4AD281E1CC62B6B0024EBF4 /* LoginViewController.m */,
			);
			name = "View Controllers";
			sourceTree = "<group>";
		};
		D4CC603A1C8F7FF400D114E4 /* Views */ = {
			isa = PBXGroup;
			children = (
				D4CC60371C8F7FBD00D114E4 /* ModalView.h */,
				D4CC60381C8F7FBD00D114E4 /* ModalView.m */,
				D403A0F11CAB1F3F00CF5909 /* StarSelectView.h */,
				D403A0F21CAB1F3F00CF5909 /* StarSelectView.m */,
				D403A0F41CAB1F5A00CF5909 /* StarSelectView.xib */,
			);
			name = Views;
			sourceTree = "<group>";
		};
		D4CC603B1C8F80E200D114E4 /* Modals */ = {
			isa = PBXGroup;
			children = (
				D4CC603F1C8F810C00D114E4 /* InfoViewController.h */,
				D4CC60401C8F810C00D114E4 /* InfoViewController.m */,
				D4CC60411C8F810C00D114E4 /* InfoViewController.xib */,
				D4CC60471C8F892600D114E4 /* AddFeedbackViewController.h */,
				D4CC60481C8F892600D114E4 /* AddFeedbackViewController.m */,
				D4CC60491C8F892600D114E4 /* AddFeedbackViewController.xib */,
				D45E278A1CBE3A1800F47320 /* ProfileViewController.h */,
				D45E278B1CBE3A1800F47320 /* ProfileViewController.m */,
				D45E278C1CBE3A1800F47320 /* ProfileViewController.xib */,
				D4AD28201CC634650024EBF4 /* TravelPlansViewController.h */,
				D4AD28211CC634650024EBF4 /* TravelPlansViewController.m */,
				D4AD28221CC634650024EBF4 /* TravelPlansViewController.xib */,
				D45FF3021CC6804A00936E81 /* ExpertReviewViewController.h */,
				D45FF3031CC6804A00936E81 /* ExpertReviewViewController.m */,
				D45FF3041CC6804A00936E81 /* ExpertReviewViewController.xib */,
			);
			name = Modals;
			sourceTree = "<group>";
		};
		D4CC604C1C9022D500D114E4 /* Cells */ = {
			isa = PBXGroup;
			children = (
				D4CC604D1C9022FF00D114E4 /* ReviewMiniCell.h */,
				D4CC604E1C9022FF00D114E4 /* ReviewMiniCell.m */,
				D4CC604F1C9022FF00D114E4 /* ReviewMiniCell.xib */,
			);
			name = Cells;
			sourceTree = "<group>";
		};
		D78A7FC612C829C4F5902950 /* Frameworks */ = {
			isa = PBXGroup;
			children = (
				89ADC5FC795A2084FB799EB2 /* libPods-Travel Safety.a */,
			);
			name = Frameworks;
			sourceTree = "<group>";
		};
		FAC2243A8542BE8B0B9C9277 /* Pods */ = {
			isa = PBXGroup;
			children = (
				9968FFFCA9DC8C2D791E08B0 /* Pods-Travel Safety.debug.xcconfig */,
				C43970FE4B6E2AC17EF07C38 /* Pods-Travel Safety.release.xcconfig */,
			);
			name = Pods;
			sourceTree = "<group>";
		};
/* End PBXGroup section */

/* Begin PBXNativeTarget section */
		D42B7CC81C8F3127008744CE /* Travel Safety */ = {
			isa = PBXNativeTarget;
			buildConfigurationList = D42B7CE01C8F3127008744CE /* Build configuration list for PBXNativeTarget "Travel Safety" */;
			buildPhases = (
				ACB5950B49E1D2969C52A5DD /* Check Pods Manifest.lock */,
				D42B7CC51C8F3127008744CE /* Sources */,
				D42B7CC61C8F3127008744CE /* Frameworks */,
				D42B7CC71C8F3127008744CE /* Resources */,
				04863D900A3D4D8D8D19F1FB /* Embed Pods Frameworks */,
				4646164C2588B98A6ABE943E /* Copy Pods Resources */,
			);
			buildRules = (
			);
			dependencies = (
			);
			name = "Travel Safety";
			productName = "Travel Safety";
			productReference = D42B7CC91C8F3127008744CE /* Travel Safety.app */;
			productType = "com.apple.product-type.application";
		};
/* End PBXNativeTarget section */

/* Begin PBXProject section */
		D42B7CC11C8F3127008744CE /* Project object */ = {
			isa = PBXProject;
			attributes = {
				LastUpgradeCheck = 0720;
				ORGANIZATIONNAME = "Philip Bale";
				TargetAttributes = {
					D42B7CC81C8F3127008744CE = {
						CreatedOnToolsVersion = 7.2.1;
						DevelopmentTeam = 9525LJ6YEJ;
					};
				};
			};
			buildConfigurationList = D42B7CC41C8F3127008744CE /* Build configuration list for PBXProject "Travel Safety" */;
			compatibilityVersion = "Xcode 3.2";
			developmentRegion = English;
			hasScannedForEncodings = 0;
			knownRegions = (
				en,
				Base,
			);
			mainGroup = D42B7CC01C8F3127008744CE;
			productRefGroup = D42B7CCA1C8F3127008744CE /* Products */;
			projectDirPath = "";
			projectRoot = "";
			targets = (
				D42B7CC81C8F3127008744CE /* Travel Safety */,
			);
		};
/* End PBXProject section */

/* Begin PBXResourcesBuildPhase section */
		D42B7CC71C8F3127008744CE /* Resources */ = {
			isa = PBXResourcesBuildPhase;
			buildActionMask = 2147483647;
			files = (
				D4AD28241CC634650024EBF4 /* TravelPlansViewController.xib in Resources */,
				D4CC604B1C8F892600D114E4 /* AddFeedbackViewController.xib in Resources */,
				D42B7CDC1C8F3127008744CE /* LaunchScreen.storyboard in Resources */,
				D45E278E1CBE3A1800F47320 /* ProfileViewController.xib in Resources */,
				D4CC60511C9022FF00D114E4 /* ReviewMiniCell.xib in Resources */,
				D42B7CD91C8F3127008744CE /* Assets.xcassets in Resources */,
				D4CC60431C8F810C00D114E4 /* InfoViewController.xib in Resources */,
				D42B7CD71C8F3127008744CE /* Main.storyboard in Resources */,
				D45FF3061CC6804A00936E81 /* ExpertReviewViewController.xib in Resources */,
				D403A0F51CAB1F5A00CF5909 /* StarSelectView.xib in Resources */,
			);
			runOnlyForDeploymentPostprocessing = 0;
		};
/* End PBXResourcesBuildPhase section */

/* Begin PBXShellScriptBuildPhase section */
		04863D900A3D4D8D8D19F1FB /* Embed Pods Frameworks */ = {
			isa = PBXShellScriptBuildPhase;
			buildActionMask = 2147483647;
			files = (
			);
			inputPaths = (
			);
			name = "Embed Pods Frameworks";
			outputPaths = (
			);
			runOnlyForDeploymentPostprocessing = 0;
			shellPath = /bin/sh;
			shellScript = "\"${SRCROOT}/Pods/Target Support Files/Pods-Travel Safety/Pods-Travel Safety-frameworks.sh\"\n";
			showEnvVarsInLog = 0;
		};
		4646164C2588B98A6ABE943E /* Copy Pods Resources */ = {
			isa = PBXShellScriptBuildPhase;
			buildActionMask = 2147483647;
			files = (
			);
			inputPaths = (
			);
			name = "Copy Pods Resources";
			outputPaths = (
			);
			runOnlyForDeploymentPostprocessing = 0;
			shellPath = /bin/sh;
			shellScript = "\"${SRCROOT}/Pods/Target Support Files/Pods-Travel Safety/Pods-Travel Safety-resources.sh\"\n";
			showEnvVarsInLog = 0;
		};
		ACB5950B49E1D2969C52A5DD /* Check Pods Manifest.lock */ = {
			isa = PBXShellScriptBuildPhase;
			buildActionMask = 2147483647;
			files = (
			);
			inputPaths = (
			);
			name = "Check Pods Manifest.lock";
			outputPaths = (
			);
			runOnlyForDeploymentPostprocessing = 0;
			shellPath = /bin/sh;
			shellScript = "diff \"${PODS_ROOT}/../Podfile.lock\" \"${PODS_ROOT}/Manifest.lock\" > /dev/null\nif [[ $? != 0 ]] ; then\n    cat << EOM\nerror: The sandbox is not in sync with the Podfile.lock. Run 'pod install' or update your CocoaPods installation.\nEOM\n    exit 1\nfi\n";
			showEnvVarsInLog = 0;
		};
/* End PBXShellScriptBuildPhase section */

/* Begin PBXSourcesBuildPhase section */
		D42B7CC51C8F3127008744CE /* Sources */ = {
			isa = PBXSourcesBuildPhase;
			buildActionMask = 2147483647;
			files = (
				D45E27891CBDAFFB00F47320 /* User.m in Sources */,
				D4AD28231CC634650024EBF4 /* TravelPlansViewController.m in Sources */,
				D42B7CE81C8F3530008744CE /* MapViewController.m in Sources */,
				D403A0EE1CAB1D1900CF5909 /* Feedback.m in Sources */,
				D42B7CD11C8F3127008744CE /* AppDelegate.m in Sources */,
				D45E278D1CBE3A1800F47320 /* ProfileViewController.m in Sources */,
				D403A0EB1CAB1B6000CF5909 /* TravelSafetyAPI.m in Sources */,
				D45FF3051CC6804A00936E81 /* ExpertReviewViewController.m in Sources */,
				D4CC60501C9022FF00D114E4 /* ReviewMiniCell.m in Sources */,
				D4CC60461C8F836000D114E4 /* ModalViewController.m in Sources */,
				D4CC60391C8F7FBD00D114E4 /* ModalView.m in Sources */,
				D4CC604A1C8F892600D114E4 /* AddFeedbackViewController.m in Sources */,
				D403A0F31CAB1F3F00CF5909 /* StarSelectView.m in Sources */,
				D403A0E81CAB1A8000CF5909 /* HTTPManager.m in Sources */,
				D4CC60421C8F810C00D114E4 /* InfoViewController.m in Sources */,
				D42B7CCE1C8F3127008744CE /* main.m in Sources */,
				D4AD281F1CC62B6B0024EBF4 /* LoginViewController.m in Sources */,
			);
			runOnlyForDeploymentPostprocessing = 0;
		};
/* End PBXSourcesBuildPhase section */

/* Begin PBXVariantGroup section */
		D42B7CD51C8F3127008744CE /* Main.storyboard */ = {
			isa = PBXVariantGroup;
			children = (
				D42B7CD61C8F3127008744CE /* Base */,
			);
			name = Main.storyboard;
			sourceTree = "<group>";
		};
		D42B7CDA1C8F3127008744CE /* LaunchScreen.storyboard */ = {
			isa = PBXVariantGroup;
			children = (
				D42B7CDB1C8F3127008744CE /* Base */,
			);
			name = LaunchScreen.storyboard;
			sourceTree = "<group>";
		};
/* End PBXVariantGroup section */

/* Begin XCBuildConfiguration section */
		D42B7CDE1C8F3127008744CE /* Debug */ = {
			isa = XCBuildConfiguration;
			buildSettings = {
				ALWAYS_SEARCH_USER_PATHS = NO;
				CLANG_CXX_LANGUAGE_STANDARD = "gnu++0x";
				CLANG_CXX_LIBRARY = "libc++";
				CLANG_ENABLE_MODULES = YES;
				CLANG_ENABLE_OBJC_ARC = YES;
				CLANG_WARN_BOOL_CONVERSION = YES;
				CLANG_WARN_CONSTANT_CONVERSION = YES;
				CLANG_WARN_DIRECT_OBJC_ISA_USAGE = YES_ERROR;
				CLANG_WARN_EMPTY_BODY = YES;
				CLANG_WARN_ENUM_CONVERSION = YES;
				CLANG_WARN_INT_CONVERSION = YES;
				CLANG_WARN_OBJC_ROOT_CLASS = YES_ERROR;
				CLANG_WARN_UNREACHABLE_CODE = YES;
				CLANG_WARN__DUPLICATE_METHOD_MATCH = YES;
				"CODE_SIGN_IDENTITY[sdk=iphoneos*]" = "iPhone Developer";
				COPY_PHASE_STRIP = NO;
				DEBUG_INFORMATION_FORMAT = dwarf;
				ENABLE_STRICT_OBJC_MSGSEND = YES;
				ENABLE_TESTABILITY = YES;
				GCC_C_LANGUAGE_STANDARD = gnu99;
				GCC_DYNAMIC_NO_PIC = NO;
				GCC_NO_COMMON_BLOCKS = YES;
				GCC_OPTIMIZATION_LEVEL = 0;
				GCC_PREPROCESSOR_DEFINITIONS = (
					"DEBUG=1",
					"$(inherited)",
				);
				GCC_WARN_64_TO_32_BIT_CONVERSION = YES;
				GCC_WARN_ABOUT_RETURN_TYPE = YES_ERROR;
				GCC_WARN_UNDECLARED_SELECTOR = YES;
				GCC_WARN_UNINITIALIZED_AUTOS = YES_AGGRESSIVE;
				GCC_WARN_UNUSED_FUNCTION = YES;
				GCC_WARN_UNUSED_VARIABLE = YES;
				IPHONEOS_DEPLOYMENT_TARGET = 9.2;
				MTL_ENABLE_DEBUG_INFO = YES;
				ONLY_ACTIVE_ARCH = YES;
				SDKROOT = iphoneos;
				TARGETED_DEVICE_FAMILY = "1,2";
			};
			name = Debug;
		};
		D42B7CDF1C8F3127008744CE /* Release */ = {
			isa = XCBuildConfiguration;
			buildSettings = {
				ALWAYS_SEARCH_USER_PATHS = NO;
				CLANG_CXX_LANGUAGE_STANDARD = "gnu++0x";
				CLANG_CXX_LIBRARY = "libc++";
				CLANG_ENABLE_MODULES = YES;
				CLANG_ENABLE_OBJC_ARC = YES;
				CLANG_WARN_BOOL_CONVERSION = YES;
				CLANG_WARN_CONSTANT_CONVERSION = YES;
				CLANG_WARN_DIRECT_OBJC_ISA_USAGE = YES_ERROR;
				CLANG_WARN_EMPTY_BODY = YES;
				CLANG_WARN_ENUM_CONVERSION = YES;
				CLANG_WARN_INT_CONVERSION = YES;
				CLANG_WARN_OBJC_ROOT_CLASS = YES_ERROR;
				CLANG_WARN_UNREACHABLE_CODE = YES;
				CLANG_WARN__DUPLICATE_METHOD_MATCH = YES;
				"CODE_SIGN_IDENTITY[sdk=iphoneos*]" = "iPhone Developer";
				COPY_PHASE_STRIP = NO;
				DEBUG_INFORMATION_FORMAT = "dwarf-with-dsym";
				ENABLE_NS_ASSERTIONS = NO;
				ENABLE_STRICT_OBJC_MSGSEND = YES;
				GCC_C_LANGUAGE_STANDARD = gnu99;
				GCC_NO_COMMON_BLOCKS = YES;
				GCC_WARN_64_TO_32_BIT_CONVERSION = YES;
				GCC_WARN_ABOUT_RETURN_TYPE = YES_ERROR;
				GCC_WARN_UNDECLARED_SELECTOR = YES;
				GCC_WARN_UNINITIALIZED_AUTOS = YES_AGGRESSIVE;
				GCC_WARN_UNUSED_FUNCTION = YES;
				GCC_WARN_UNUSED_VARIABLE = YES;
				IPHONEOS_DEPLOYMENT_TARGET = 9.2;
				MTL_ENABLE_DEBUG_INFO = NO;
				SDKROOT = iphoneos;
				TARGETED_DEVICE_FAMILY = "1,2";
				VALIDATE_PRODUCT = YES;
			};
			name = Release;
		};
		D42B7CE11C8F3127008744CE /* Debug */ = {
			isa = XCBuildConfiguration;
			baseConfigurationReference = 9968FFFCA9DC8C2D791E08B0 /* Pods-Travel Safety.debug.xcconfig */;
			buildSettings = {
				ASSETCATALOG_COMPILER_APPICON_NAME = AppIcon;
				CODE_SIGN_IDENTITY = "iPhone Developer";
				"CODE_SIGN_IDENTITY[sdk=iphoneos*]" = "iPhone Developer";
				INFOPLIST_FILE = "Travel Safety/Info.plist";
				IPHONEOS_DEPLOYMENT_TARGET = 8.0;
				LD_RUNPATH_SEARCH_PATHS = "$(inherited) @executable_path/Frameworks";
				PRODUCT_BUNDLE_IDENTIFIER = "com.logikcomputing.Travel-Safety";
				PRODUCT_NAME = "$(TARGET_NAME)";
				PROVISIONING_PROFILE = "";
			};
			name = Debug;
		};
		D42B7CE21C8F3127008744CE /* Release */ = {
			isa = XCBuildConfiguration;
			baseConfigurationReference = C43970FE4B6E2AC17EF07C38 /* Pods-Travel Safety.release.xcconfig */;
			buildSettings = {
				ASSETCATALOG_COMPILER_APPICON_NAME = AppIcon;
				CODE_SIGN_IDENTITY = "iPhone Developer";
				"CODE_SIGN_IDENTITY[sdk=iphoneos*]" = "iPhone Developer";
				INFOPLIST_FILE = "Travel Safety/Info.plist";
				IPHONEOS_DEPLOYMENT_TARGET = 8.0;
				LD_RUNPATH_SEARCH_PATHS = "$(inherited) @executable_path/Frameworks";
				PRODUCT_BUNDLE_IDENTIFIER = "com.logikcomputing.Travel-Safety";
				PRODUCT_NAME = "$(TARGET_NAME)";
				PROVISIONING_PROFILE = "";
			};
			name = Release;
		};
/* End XCBuildConfiguration section */

/* Begin XCConfigurationList section */
		D42B7CC41C8F3127008744CE /* Build configuration list for PBXProject "Travel Safety" */ = {
			isa = XCConfigurationList;
			buildConfigurations = (
				D42B7CDE1C8F3127008744CE /* Debug */,
				D42B7CDF1C8F3127008744CE /* Release */,
			);
			defaultConfigurationIsVisible = 0;
			defaultConfigurationName = Release;
		};
		D42B7CE01C8F3127008744CE /* Build configuration list for PBXNativeTarget "Travel Safety" */ = {
			isa = XCConfigurationList;
			buildConfigurations = (
				D42B7CE11C8F3127008744CE /* Debug */,
				D42B7CE21C8F3127008744CE /* Release */,
			);
			defaultConfigurationIsVisible = 0;
			defaultConfigurationName = Release;
		};
/* End XCConfigurationList section */
	};
	rootObject = D42B7CC11C8F3127008744CE /* Project object */;
}
